
Microsoft Visual Studio Solution File, Format Version 12.00
# Visual Studio Version 17
VisualStudioVersion = 17.4.33110.190
MinimumVisualStudioVersion = 10.0.40219.1
Project("{9A19103F-16F7-4668-BE54-9A1E7A4F7556}") = "ConsoleApp", "ConsoleApp\ConsoleApp.csproj", "{4CAF62B0-B2EB-4F9A-853F-AFD3961F2A75}"
EndProject
Project("{9A19103F-16F7-4668-BE54-9A1E7A4F7556}") = "WebApp", "WebApp\WebApp.csproj", "{AE8AF4C5-D592-46F7-9A72-332D9E0CE484}"
EndProject
Project("{FAE04EC0-301F-11D3-BF4B-00C04F79EFBC}") = "WebAppOld", "WebAppOld\WebAppOld.csproj", "{16A10E2F-4573-41B4-9557-B7A6620C2818}"
EndProject
Project("{FAE04EC0-301F-11D3-BF4B-00C04F79EFBC}") = "WebApp.Routing", "WebApp.Routing\WebApp.Routing.csproj", "{4899775E-BDB9-4D31-AB3F-6BFE8F8C3AFD}"
EndProject
Global
	GlobalSection(SolutionConfigurationPlatforms) = preSolution
		Debug|Any CPU = Debug|Any CPU
		Release|Any CPU = Release|Any CPU
	EndGlobalSection
	GlobalSection(ProjectConfigurationPlatforms) = postSolution
		{4CAF62B0-B2EB-4F9A-853F-AFD3961F2A75}.Debug|Any CPU.ActiveCfg = Debug|Any CPU
		{4CAF62B0-B2EB-4F9A-853F-AFD3961F2A75}.Debug|Any CPU.Build.0 = Debug|Any CPU
		{4CAF62B0-B2EB-4F9A-853F-AFD3961F2A75}.Release|Any CPU.ActiveCfg = Release|Any CPU
		{4CAF62B0-B2EB-4F9A-853F-AFD3961F2A75}.Release|Any CPU.Build.0 = Release|Any CPU
		{AE8AF4C5-D592-46F7-9A72-332D9E0CE484}.Debug|Any CPU.ActiveCfg = Debug|Any CPU
		{AE8AF4C5-D592-46F7-9A72-332D9E0CE484}.Debug|Any CPU.Build.0 = Debug|Any CPU
		{AE8AF4C5-D592-46F7-9A72-332D9E0CE484}.Release|Any CPU.ActiveCfg = Release|Any CPU
		{AE8AF4C5-D592-46F7-9A72-332D9E0CE484}.Release|Any CPU.Build.0 = Release|Any CPU
		{16A10E2F-4573-41B4-9557-B7A6620C2818}.Debug|Any CPU.ActiveCfg = Debug|Any CPU
		{16A10E2F-4573-41B4-9557-B7A6620C2818}.Debug|Any CPU.Build.0 = Debug|Any CPU
		{16A10E2F-4573-41B4-9557-B7A6620C2818}.Release|Any CPU.ActiveCfg = Release|Any CPU
		{16A10E2F-4573-41B4-9557-B7A6620C2818}.Release|Any CPU.Build.0 = Release|Any CPU
		{4899775E-BDB9-4D31-AB3F-6BFE8F8C3AFD}.Debug|Any CPU.ActiveCfg = Debug|Any CPU
		{4899775E-BDB9-4D31-AB3F-6BFE8F8C3AFD}.Debug|Any CPU.Build.0 = Debug|Any CPU
		{4899775E-BDB9-4D31-AB3F-6BFE8F8C3AFD}.Release|Any CPU.ActiveCfg = Release|Any CPU
		{4899775E-BDB9-4D31-AB3F-6BFE8F8C3AFD}.Release|Any CPU.Build.0 = Release|Any CPU
	EndGlobalSection
	GlobalSection(SolutionProperties) = preSolution
		HideSolutionNode = FALSE
	EndGlobalSection
	GlobalSection(ExtensibilityGlobals) = postSolution
		SolutionGuid = {BA27EF5E-F73A-466D-8057-4CD9CCDF594C}
	EndGlobalSection
EndGlobal
